
Microsoft Visual Studio Solution File, Format Version 12.00
# Visual Studio Version 16
VisualStudioVersion = 16.0.29806.167
MinimumVisualStudioVersion = 10.0.40219.1
Project("{FAE04EC0-301F-11D3-BF4B-00C04F79EFBC}") = "lab5.1", "lab5.1\lab5.1.csproj", "{6097C693-AD4E-4875-89E7-5CB0F1A2EAFA}"
EndProject
Global
	GlobalSection(SolutionConfigurationPlatforms) = preSolution
		Debug|Any CPU = Debug|Any CPU
		Release|Any CPU = Release|Any CPU
	EndGlobalSection
	GlobalSection(ProjectConfigurationPlatforms) = postSolution
		{6097C693-AD4E-4875-89E7-5CB0F1A2EAFA}.Debug|Any CPU.ActiveCfg = Debug|Any CPU
		{6097C693-AD4E-4875-89E7-5CB0F1A2EAFA}.Debug|Any CPU.Build.0 = Debug|Any CPU
		{6097C693-AD4E-4875-89E7-5CB0F1A2EAFA}.Release|Any CPU.ActiveCfg = Release|Any CPU
		{6097C693-AD4E-4875-89E7-5CB0F1A2EAFA}.Release|Any CPU.Build.0 = Release|Any CPU
	EndGlobalSection
	GlobalSection(SolutionProperties) = preSolution
		HideSolutionNode = FALSE
	EndGlobalSection
	GlobalSection(ExtensibilityGlobals) = postSolution
		SolutionGuid = {F170D9CE-F270-4A4A-9886-0D2A6E9D97DC}
	EndGlobalSection
EndGlobal
