
Microsoft Visual Studio Solution File, Format Version 12.00
# Visual Studio Version 16
VisualStudioVersion = 16.0.29806.167
MinimumVisualStudioVersion = 10.0.40219.1
Project("{FAE04EC0-301F-11D3-BF4B-00C04F79EFBC}") = "lab6.6", "lab6.6\lab6.6.csproj", "{652657F9-6B28-4D69-A42D-8E1E7EE5E1D7}"
EndProject
Global
	GlobalSection(SolutionConfigurationPlatforms) = preSolution
		Debug|Any CPU = Debug|Any CPU
		Release|Any CPU = Release|Any CPU
	EndGlobalSection
	GlobalSection(ProjectConfigurationPlatforms) = postSolution
		{652657F9-6B28-4D69-A42D-8E1E7EE5E1D7}.Debug|Any CPU.ActiveCfg = Debug|Any CPU
		{652657F9-6B28-4D69-A42D-8E1E7EE5E1D7}.Debug|Any CPU.Build.0 = Debug|Any CPU
		{652657F9-6B28-4D69-A42D-8E1E7EE5E1D7}.Release|Any CPU.ActiveCfg = Release|Any CPU
		{652657F9-6B28-4D69-A42D-8E1E7EE5E1D7}.Release|Any CPU.Build.0 = Release|Any CPU
	EndGlobalSection
	GlobalSection(SolutionProperties) = preSolution
		HideSolutionNode = FALSE
	EndGlobalSection
	GlobalSection(ExtensibilityGlobals) = postSolution
		SolutionGuid = {9A63394F-4AC2-4CB5-B3BF-2F85FD292F94}
	EndGlobalSection
EndGlobal
