
Microsoft Visual Studio Solution File, Format Version 12.00
# Visual Studio Version 16
VisualStudioVersion = 16.0.29806.167
MinimumVisualStudioVersion = 10.0.40219.1
Project("{FAE04EC0-301F-11D3-BF4B-00C04F79EFBC}") = "lab17.5", "lab17.5\lab17.5.csproj", "{6D3FA339-E16E-4C6C-827F-0BD6B5C5C050}"
EndProject
Global
	GlobalSection(SolutionConfigurationPlatforms) = preSolution
		Debug|Any CPU = Debug|Any CPU
		Release|Any CPU = Release|Any CPU
	EndGlobalSection
	GlobalSection(ProjectConfigurationPlatforms) = postSolution
		{6D3FA339-E16E-4C6C-827F-0BD6B5C5C050}.Debug|Any CPU.ActiveCfg = Debug|Any CPU
		{6D3FA339-E16E-4C6C-827F-0BD6B5C5C050}.Debug|Any CPU.Build.0 = Debug|Any CPU
		{6D3FA339-E16E-4C6C-827F-0BD6B5C5C050}.Release|Any CPU.ActiveCfg = Release|Any CPU
		{6D3FA339-E16E-4C6C-827F-0BD6B5C5C050}.Release|Any CPU.Build.0 = Release|Any CPU
	EndGlobalSection
	GlobalSection(SolutionProperties) = preSolution
		HideSolutionNode = FALSE
	EndGlobalSection
	GlobalSection(ExtensibilityGlobals) = postSolution
		SolutionGuid = {1C5FEEDE-8A0D-414E-AB69-74A8F9819877}
	EndGlobalSection
EndGlobal
